
Microsoft Visual Studio Solution File, Format Version 12.00
# Visual Studio 15
VisualStudioVersion = 15.0.28307.271
MinimumVisualStudioVersion = 10.0.40219.1
Project("{FAE04EC0-301F-11D3-BF4B-00C04F79EFBC}") = "WebApiTest", "WebApiTest\WebApiTest.csproj", "{1CFB990B-A866-47A6-91C2-F46EF286051B}"
EndProject
Global
	GlobalSection(SolutionConfigurationPlatforms) = preSolution
		Debug|Any CPU = Debug|Any CPU
		Release|Any CPU = Release|Any CPU
	EndGlobalSection
	GlobalSection(ProjectConfigurationPlatforms) = postSolution
		{1CFB990B-A866-47A6-91C2-F46EF286051B}.Debug|Any CPU.ActiveCfg = Debug|Any CPU
		{1CFB990B-A866-47A6-91C2-F46EF286051B}.Debug|Any CPU.Build.0 = Debug|Any CPU
		{1CFB990B-A866-47A6-91C2-F46EF286051B}.Release|Any CPU.ActiveCfg = Release|Any CPU
		{1CFB990B-A866-47A6-91C2-F46EF286051B}.Release|Any CPU.Build.0 = Release|Any CPU
	EndGlobalSection
	GlobalSection(SolutionProperties) = preSolution
		HideSolutionNode = FALSE
	EndGlobalSection
	GlobalSection(ExtensibilityGlobals) = postSolution
		SolutionGuid = {3EA45EF5-8908-4313-92F2-5EA7807199BE}
	EndGlobalSection
EndGlobal
